
Microsoft Visual Studio Solution File, Format Version 12.00
# Visual Studio 2013
VisualStudioVersion = 12.0.30723.0
MinimumVisualStudioVersion = 10.0.40219.1
Project("{FAE04EC0-301F-11D3-BF4B-00C04F79EFBC}") = "ms0731Test", "ms0731Test\ms0731Test.csproj", "{84DD35E2-283E-4E1A-99DE-6061B554DE23}"
EndProject
Global
	GlobalSection(CodealikeProperties) = postSolution
		SolutionGuid = 1ad3646c-1431-4479-b4b6-b9c037c3653c
	EndGlobalSection
	GlobalSection(SolutionConfigurationPlatforms) = preSolution
		Debug|Any CPU = Debug|Any CPU
		Release|Any CPU = Release|Any CPU
	EndGlobalSection
	GlobalSection(ProjectConfigurationPlatforms) = postSolution
		{84DD35E2-283E-4E1A-99DE-6061B554DE23}.Debug|Any CPU.ActiveCfg = Debug|Any CPU
		{84DD35E2-283E-4E1A-99DE-6061B554DE23}.Debug|Any CPU.Build.0 = Debug|Any CPU
		{84DD35E2-283E-4E1A-99DE-6061B554DE23}.Release|Any CPU.ActiveCfg = Release|Any CPU
		{84DD35E2-283E-4E1A-99DE-6061B554DE23}.Release|Any CPU.Build.0 = Release|Any CPU
	EndGlobalSection
	GlobalSection(SolutionProperties) = preSolution
		HideSolutionNode = FALSE
	EndGlobalSection
EndGlobal
